
Microsoft Visual Studio Solution File, Format Version 12.00
# Visual Studio Version 17
VisualStudioVersion = 17.8.34330.188
MinimumVisualStudioVersion = 10.0.40219.1
Project("{2150E333-8FDC-42A3-9474-1A3956D46DE8}") = "framework", "framework", "{6BA9D144-B123-4650-AB6D-1D6E1790C335}"
EndProject
Project("{9A19103F-16F7-4668-BE54-9A1E7A4F7556}") = "Stark", "framework\Stark\Stark.csproj", "{1A462907-E00A-43E8-8F25-4595E64E654B}"
EndProject
Project("{9A19103F-16F7-4668-BE54-9A1E7A4F7556}") = "Stark.Starter.Web", "framework\Stark.Starter.Web\Stark.Starter.Web.csproj", "{84FD0C18-E423-45FC-920F-43C8020D2B4A}"
EndProject
Project("{2150E333-8FDC-42A3-9474-1A3956D46DE8}") = "service", "service", "{2792955C-D054-44FF-B112-C1D3FD8D16B7}"
EndProject
Project("{9A19103F-16F7-4668-BE54-9A1E7A4F7556}") = "Stark.Admin", "service\Stark.Admin\Stark.Admin.csproj", "{D58250E2-9E5D-46FB-BAED-416A77E50B2E}"
EndProject
Project("{9A19103F-16F7-4668-BE54-9A1E7A4F7556}") = "Stark.Starter.Core", "framework\Stark.Starter.Core\Stark.Starter.Core.csproj", "{6429584F-2EA4-47DF-A52C-01E6E25987A3}"
EndProject
Project("{2150E333-8FDC-42A3-9474-1A3956D46DE8}") = "Modules", "Modules", "{E78052D8-A323-4C8D-8A98-A6D6C1D1F3EB}"
EndProject
Project("{9A19103F-16F7-4668-BE54-9A1E7A4F7556}") = "Stark.Module.System", "service\Modules\Stark.Module.System\Stark.Module.System.csproj", "{25513978-FE9F-4423-B088-8AB49A418641}"
EndProject
Project("{9A19103F-16F7-4668-BE54-9A1E7A4F7556}") = "Stark.Module.Inf", "service\Modules\Stark.Module.Inf\Stark.Module.Inf.csproj", "{C88DCCA2-88F2-4C02-943D-A34C19768D12}"
EndProject
Project("{2150E333-8FDC-42A3-9474-1A3956D46DE8}") = "Solution Items", "Solution Items", "{30F6F8A5-A6F0-4237-8A1B-172D2D016491}"
	ProjectSection(SolutionItems) = preProject
		Directory.Build.props = Directory.Build.props
		docker-compose.yml = docker-compose.yml
	EndProjectSection
EndProject
Project("{9A19103F-16F7-4668-BE54-9A1E7A4F7556}") = "Stark.Module.AI", "service\Modules\Stark.Module.AI\Stark.Module.AI.csproj", "{7DCA3E81-5BB7-41D7-9EDC-04CC7E930E0F}"
EndProject
Project("{9A19103F-16F7-4668-BE54-9A1E7A4F7556}") = "Stark.Module.Cms", "service\Modules\Stark.Module.Cms\Stark.Module.Cms.csproj", "{B05FC2CA-EFB0-4A08-B707-EA4845A9D96F}"
EndProject
Project("{9A19103F-16F7-4668-BE54-9A1E7A4F7556}") = "Stark.Starter.Redis", "framework\Stark.Starter.Redis\Stark.Starter.Redis.csproj", "{23120042-E434-47B7-BBCD-A3406FA1CB6A}"
EndProject
Project("{2150E333-8FDC-42A3-9474-1A3956D46DE8}") = "test", "test", "{C8E525C8-4332-41CD-8169-39BE4CA05FF5}"
EndProject
Project("{9A19103F-16F7-4668-BE54-9A1E7A4F7556}") = "AIConsoleApp", "test\AIConsoleApp\AIConsoleApp.csproj", "{DA9BFC5A-6140-4433-A055-58A742FD2F8E}"
EndProject
Project("{9A19103F-16F7-4668-BE54-9A1E7A4F7556}") = "KernelMemoryConsoleApp", "test\KernelMemoryConsoleApp\KernelMemoryConsoleApp.csproj", "{C1207131-29E9-45B2-8DA3-47AD312407E4}"
EndProject
Project("{9A19103F-16F7-4668-BE54-9A1E7A4F7556}") = "Stark.Starter.Work.Weixin", "framework\Stark.Starter.Work.Weixin\Stark.Starter.Work.Weixin.csproj", "{5380D3DD-1B43-48C9-9F9C-C187A20FD6F7}"
EndProject
Project("{9A19103F-16F7-4668-BE54-9A1E7A4F7556}") = "Stark.Starter.DDD", "framework\Stark.Starter.DDD\Stark.Starter.DDD.csproj", "{87A0FF58-2B46-4D23-815D-488E8538E015}"
EndProject
Project("{FAE04EC0-301F-11D3-BF4B-00C04F79EFBC}") = "Stark.Starter.Cap", "framework\Stark.Starter.Cap\Stark.Starter.Cap.csproj", "{D1D6C86F-A833-4EC2-93D8-F42C901A4383}"
EndProject
Project("{FAE04EC0-301F-11D3-BF4B-00C04F79EFBC}") = "Stark.Starter.Job", "framework\Stark.Starter.Job\Stark.Starter.Job.csproj", "{0440E4C5-80C0-4F00-B280-9434F94316B4}"
EndProject
Project("{FAE04EC0-301F-11D3-BF4B-00C04F79EFBC}") = "Stark.Module.Test", "service\Modules\Stark.Module.Test\Stark.Module.Test.csproj", "{80D3965C-B86F-45BB-93D5-881ADB1F2BF0}"
EndProject
Project("{FAE04EC0-301F-11D3-BF4B-00C04F79EFBC}") = "Stark.Starter.Aspire", "framework\Stark.Starter.Aspire\Stark.Starter.Aspire.csproj", "{5D8DFA44-48E1-420E-9DEC-A52479755E37}"
EndProject
Project("{FAE04EC0-301F-11D3-BF4B-00C04F79EFBC}") = "Stark.AspireHost", "service\Stark.AspireHost\Stark.AspireHost.csproj", "{92A611B3-D5D3-4C92-A2BF-B7F9606DC1F2}"
EndProject
Project("{FAE04EC0-301F-11D3-BF4B-00C04F79EFBC}") = "StarkTest", "test\StarkTest\StarkTest.csproj", "{FAF04832-94EC-4C6B-9A21-D39B7131CB4B}"
EndProject
Project("{FAE04EC0-301F-11D3-BF4B-00C04F79EFBC}") = "Stark.Starter.ElasticSearch", "framework\Stark.Starter.ElasticSearch\Stark.Starter.ElasticSearch.csproj", "{BDDEF1CE-FD05-4257-91CF-DF128AC2FCE3}"
EndProject
Project("{FAE04EC0-301F-11D3-BF4B-00C04F79EFBC}") = "Stark.Starter.Mongodb", "framework\Stark.Starter.Mongodb\Stark.Starter.Mongodb.csproj", "{D55E15DB-ADB6-4B6C-9C63-0DDB5AC850D0}"
EndProject
Project("{FAE04EC0-301F-11D3-BF4B-00C04F79EFBC}") = "Stark.Starter.AI", "framework\Stark.Starter.AI\Stark.Starter.AI.csproj", "{D1A0B745-F9DC-4439-9866-19234892DB4C}"
EndProject
Global
	GlobalSection(SolutionConfigurationPlatforms) = preSolution
		Debug|Any CPU = Debug|Any CPU
		Release|Any CPU = Release|Any CPU
	EndGlobalSection
	GlobalSection(ProjectConfigurationPlatforms) = postSolution
		{1A462907-E00A-43E8-8F25-4595E64E654B}.Debug|Any CPU.ActiveCfg = Debug|Any CPU
		{1A462907-E00A-43E8-8F25-4595E64E654B}.Debug|Any CPU.Build.0 = Debug|Any CPU
		{1A462907-E00A-43E8-8F25-4595E64E654B}.Release|Any CPU.ActiveCfg = Release|Any CPU
		{1A462907-E00A-43E8-8F25-4595E64E654B}.Release|Any CPU.Build.0 = Release|Any CPU
		{84FD0C18-E423-45FC-920F-43C8020D2B4A}.Debug|Any CPU.ActiveCfg = Debug|Any CPU
		{84FD0C18-E423-45FC-920F-43C8020D2B4A}.Debug|Any CPU.Build.0 = Debug|Any CPU
		{84FD0C18-E423-45FC-920F-43C8020D2B4A}.Release|Any CPU.ActiveCfg = Release|Any CPU
		{84FD0C18-E423-45FC-920F-43C8020D2B4A}.Release|Any CPU.Build.0 = Release|Any CPU
		{D58250E2-9E5D-46FB-BAED-416A77E50B2E}.Debug|Any CPU.ActiveCfg = Debug|Any CPU
		{D58250E2-9E5D-46FB-BAED-416A77E50B2E}.Debug|Any CPU.Build.0 = Debug|Any CPU
		{D58250E2-9E5D-46FB-BAED-416A77E50B2E}.Release|Any CPU.ActiveCfg = Release|Any CPU
		{D58250E2-9E5D-46FB-BAED-416A77E50B2E}.Release|Any CPU.Build.0 = Release|Any CPU
		{6429584F-2EA4-47DF-A52C-01E6E25987A3}.Debug|Any CPU.ActiveCfg = Debug|Any CPU
		{6429584F-2EA4-47DF-A52C-01E6E25987A3}.Debug|Any CPU.Build.0 = Debug|Any CPU
		{6429584F-2EA4-47DF-A52C-01E6E25987A3}.Release|Any CPU.ActiveCfg = Release|Any CPU
		{6429584F-2EA4-47DF-A52C-01E6E25987A3}.Release|Any CPU.Build.0 = Release|Any CPU
		{25513978-FE9F-4423-B088-8AB49A418641}.Debug|Any CPU.ActiveCfg = Debug|Any CPU
		{25513978-FE9F-4423-B088-8AB49A418641}.Debug|Any CPU.Build.0 = Debug|Any CPU
		{25513978-FE9F-4423-B088-8AB49A418641}.Release|Any CPU.ActiveCfg = Release|Any CPU
		{25513978-FE9F-4423-B088-8AB49A418641}.Release|Any CPU.Build.0 = Release|Any CPU
		{C88DCCA2-88F2-4C02-943D-A34C19768D12}.Debug|Any CPU.ActiveCfg = Debug|Any CPU
		{C88DCCA2-88F2-4C02-943D-A34C19768D12}.Debug|Any CPU.Build.0 = Debug|Any CPU
		{C88DCCA2-88F2-4C02-943D-A34C19768D12}.Release|Any CPU.ActiveCfg = Release|Any CPU
		{C88DCCA2-88F2-4C02-943D-A34C19768D12}.Release|Any CPU.Build.0 = Release|Any CPU
		{7DCA3E81-5BB7-41D7-9EDC-04CC7E930E0F}.Debug|Any CPU.ActiveCfg = Debug|Any CPU
		{7DCA3E81-5BB7-41D7-9EDC-04CC7E930E0F}.Debug|Any CPU.Build.0 = Debug|Any CPU
		{7DCA3E81-5BB7-41D7-9EDC-04CC7E930E0F}.Release|Any CPU.ActiveCfg = Release|Any CPU
		{7DCA3E81-5BB7-41D7-9EDC-04CC7E930E0F}.Release|Any CPU.Build.0 = Release|Any CPU
		{B05FC2CA-EFB0-4A08-B707-EA4845A9D96F}.Debug|Any CPU.ActiveCfg = Debug|Any CPU
		{B05FC2CA-EFB0-4A08-B707-EA4845A9D96F}.Debug|Any CPU.Build.0 = Debug|Any CPU
		{B05FC2CA-EFB0-4A08-B707-EA4845A9D96F}.Release|Any CPU.ActiveCfg = Release|Any CPU
		{B05FC2CA-EFB0-4A08-B707-EA4845A9D96F}.Release|Any CPU.Build.0 = Release|Any CPU
		{23120042-E434-47B7-BBCD-A3406FA1CB6A}.Debug|Any CPU.ActiveCfg = Debug|Any CPU
		{23120042-E434-47B7-BBCD-A3406FA1CB6A}.Debug|Any CPU.Build.0 = Debug|Any CPU
		{23120042-E434-47B7-BBCD-A3406FA1CB6A}.Release|Any CPU.ActiveCfg = Release|Any CPU
		{23120042-E434-47B7-BBCD-A3406FA1CB6A}.Release|Any CPU.Build.0 = Release|Any CPU
		{DA9BFC5A-6140-4433-A055-58A742FD2F8E}.Debug|Any CPU.ActiveCfg = Debug|Any CPU
		{DA9BFC5A-6140-4433-A055-58A742FD2F8E}.Debug|Any CPU.Build.0 = Debug|Any CPU
		{DA9BFC5A-6140-4433-A055-58A742FD2F8E}.Release|Any CPU.ActiveCfg = Release|Any CPU
		{DA9BFC5A-6140-4433-A055-58A742FD2F8E}.Release|Any CPU.Build.0 = Release|Any CPU
		{C1207131-29E9-45B2-8DA3-47AD312407E4}.Debug|Any CPU.ActiveCfg = Debug|Any CPU
		{C1207131-29E9-45B2-8DA3-47AD312407E4}.Debug|Any CPU.Build.0 = Debug|Any CPU
		{C1207131-29E9-45B2-8DA3-47AD312407E4}.Release|Any CPU.ActiveCfg = Release|Any CPU
		{C1207131-29E9-45B2-8DA3-47AD312407E4}.Release|Any CPU.Build.0 = Release|Any CPU
		{5380D3DD-1B43-48C9-9F9C-C187A20FD6F7}.Debug|Any CPU.ActiveCfg = Debug|Any CPU
		{5380D3DD-1B43-48C9-9F9C-C187A20FD6F7}.Debug|Any CPU.Build.0 = Debug|Any CPU
		{5380D3DD-1B43-48C9-9F9C-C187A20FD6F7}.Release|Any CPU.ActiveCfg = Release|Any CPU
		{5380D3DD-1B43-48C9-9F9C-C187A20FD6F7}.Release|Any CPU.Build.0 = Release|Any CPU
		{87A0FF58-2B46-4D23-815D-488E8538E015}.Debug|Any CPU.ActiveCfg = Debug|Any CPU
		{87A0FF58-2B46-4D23-815D-488E8538E015}.Debug|Any CPU.Build.0 = Debug|Any CPU
		{87A0FF58-2B46-4D23-815D-488E8538E015}.Release|Any CPU.ActiveCfg = Release|Any CPU
		{87A0FF58-2B46-4D23-815D-488E8538E015}.Release|Any CPU.Build.0 = Release|Any CPU
		{D1D6C86F-A833-4EC2-93D8-F42C901A4383}.Debug|Any CPU.ActiveCfg = Debug|Any CPU
		{D1D6C86F-A833-4EC2-93D8-F42C901A4383}.Debug|Any CPU.Build.0 = Debug|Any CPU
		{D1D6C86F-A833-4EC2-93D8-F42C901A4383}.Release|Any CPU.ActiveCfg = Release|Any CPU
		{D1D6C86F-A833-4EC2-93D8-F42C901A4383}.Release|Any CPU.Build.0 = Release|Any CPU
		{0440E4C5-80C0-4F00-B280-9434F94316B4}.Debug|Any CPU.ActiveCfg = Debug|Any CPU
		{0440E4C5-80C0-4F00-B280-9434F94316B4}.Debug|Any CPU.Build.0 = Debug|Any CPU
		{0440E4C5-80C0-4F00-B280-9434F94316B4}.Release|Any CPU.ActiveCfg = Release|Any CPU
		{0440E4C5-80C0-4F00-B280-9434F94316B4}.Release|Any CPU.Build.0 = Release|Any CPU
		{80D3965C-B86F-45BB-93D5-881ADB1F2BF0}.Debug|Any CPU.ActiveCfg = Debug|Any CPU
		{80D3965C-B86F-45BB-93D5-881ADB1F2BF0}.Debug|Any CPU.Build.0 = Debug|Any CPU
		{80D3965C-B86F-45BB-93D5-881ADB1F2BF0}.Release|Any CPU.ActiveCfg = Release|Any CPU
		{80D3965C-B86F-45BB-93D5-881ADB1F2BF0}.Release|Any CPU.Build.0 = Release|Any CPU
		{5D8DFA44-48E1-420E-9DEC-A52479755E37}.Debug|Any CPU.ActiveCfg = Debug|Any CPU
		{5D8DFA44-48E1-420E-9DEC-A52479755E37}.Debug|Any CPU.Build.0 = Debug|Any CPU
		{5D8DFA44-48E1-420E-9DEC-A52479755E37}.Release|Any CPU.ActiveCfg = Release|Any CPU
		{5D8DFA44-48E1-420E-9DEC-A52479755E37}.Release|Any CPU.Build.0 = Release|Any CPU
		{92A611B3-D5D3-4C92-A2BF-B7F9606DC1F2}.Debug|Any CPU.ActiveCfg = Debug|Any CPU
		{92A611B3-D5D3-4C92-A2BF-B7F9606DC1F2}.Debug|Any CPU.Build.0 = Debug|Any CPU
		{92A611B3-D5D3-4C92-A2BF-B7F9606DC1F2}.Release|Any CPU.ActiveCfg = Release|Any CPU
		{92A611B3-D5D3-4C92-A2BF-B7F9606DC1F2}.Release|Any CPU.Build.0 = Release|Any CPU
		{FAF04832-94EC-4C6B-9A21-D39B7131CB4B}.Debug|Any CPU.ActiveCfg = Debug|Any CPU
		{FAF04832-94EC-4C6B-9A21-D39B7131CB4B}.Debug|Any CPU.Build.0 = Debug|Any CPU
		{FAF04832-94EC-4C6B-9A21-D39B7131CB4B}.Release|Any CPU.ActiveCfg = Release|Any CPU
		{FAF04832-94EC-4C6B-9A21-D39B7131CB4B}.Release|Any CPU.Build.0 = Release|Any CPU
		{BDDEF1CE-FD05-4257-91CF-DF128AC2FCE3}.Debug|Any CPU.ActiveCfg = Debug|Any CPU
		{BDDEF1CE-FD05-4257-91CF-DF128AC2FCE3}.Debug|Any CPU.Build.0 = Debug|Any CPU
		{BDDEF1CE-FD05-4257-91CF-DF128AC2FCE3}.Release|Any CPU.ActiveCfg = Release|Any CPU
		{BDDEF1CE-FD05-4257-91CF-DF128AC2FCE3}.Release|Any CPU.Build.0 = Release|Any CPU
		{D55E15DB-ADB6-4B6C-9C63-0DDB5AC850D0}.Debug|Any CPU.ActiveCfg = Debug|Any CPU
		{D55E15DB-ADB6-4B6C-9C63-0DDB5AC850D0}.Debug|Any CPU.Build.0 = Debug|Any CPU
		{D55E15DB-ADB6-4B6C-9C63-0DDB5AC850D0}.Release|Any CPU.ActiveCfg = Release|Any CPU
		{D55E15DB-ADB6-4B6C-9C63-0DDB5AC850D0}.Release|Any CPU.Build.0 = Release|Any CPU
		{D1A0B745-F9DC-4439-9866-19234892DB4C}.Debug|Any CPU.ActiveCfg = Debug|Any CPU
		{D1A0B745-F9DC-4439-9866-19234892DB4C}.Debug|Any CPU.Build.0 = Debug|Any CPU
		{D1A0B745-F9DC-4439-9866-19234892DB4C}.Release|Any CPU.ActiveCfg = Release|Any CPU
		{D1A0B745-F9DC-4439-9866-19234892DB4C}.Release|Any CPU.Build.0 = Release|Any CPU
	EndGlobalSection
	GlobalSection(SolutionProperties) = preSolution
		HideSolutionNode = FALSE
	EndGlobalSection
	GlobalSection(NestedProjects) = preSolution
		{1A462907-E00A-43E8-8F25-4595E64E654B} = {6BA9D144-B123-4650-AB6D-1D6E1790C335}
		{84FD0C18-E423-45FC-920F-43C8020D2B4A} = {6BA9D144-B123-4650-AB6D-1D6E1790C335}
		{D58250E2-9E5D-46FB-BAED-416A77E50B2E} = {2792955C-D054-44FF-B112-C1D3FD8D16B7}
		{6429584F-2EA4-47DF-A52C-01E6E25987A3} = {6BA9D144-B123-4650-AB6D-1D6E1790C335}
		{E78052D8-A323-4C8D-8A98-A6D6C1D1F3EB} = {2792955C-D054-44FF-B112-C1D3FD8D16B7}
		{25513978-FE9F-4423-B088-8AB49A418641} = {E78052D8-A323-4C8D-8A98-A6D6C1D1F3EB}
		{C88DCCA2-88F2-4C02-943D-A34C19768D12} = {E78052D8-A323-4C8D-8A98-A6D6C1D1F3EB}
		{7DCA3E81-5BB7-41D7-9EDC-04CC7E930E0F} = {E78052D8-A323-4C8D-8A98-A6D6C1D1F3EB}
		{B05FC2CA-EFB0-4A08-B707-EA4845A9D96F} = {E78052D8-A323-4C8D-8A98-A6D6C1D1F3EB}
		{23120042-E434-47B7-BBCD-A3406FA1CB6A} = {6BA9D144-B123-4650-AB6D-1D6E1790C335}
		{DA9BFC5A-6140-4433-A055-58A742FD2F8E} = {C8E525C8-4332-41CD-8169-39BE4CA05FF5}
		{C1207131-29E9-45B2-8DA3-47AD312407E4} = {C8E525C8-4332-41CD-8169-39BE4CA05FF5}
		{5380D3DD-1B43-48C9-9F9C-C187A20FD6F7} = {6BA9D144-B123-4650-AB6D-1D6E1790C335}
		{87A0FF58-2B46-4D23-815D-488E8538E015} = {6BA9D144-B123-4650-AB6D-1D6E1790C335}
		{D1D6C86F-A833-4EC2-93D8-F42C901A4383} = {6BA9D144-B123-4650-AB6D-1D6E1790C335}
		{0440E4C5-80C0-4F00-B280-9434F94316B4} = {6BA9D144-B123-4650-AB6D-1D6E1790C335}
		{80D3965C-B86F-45BB-93D5-881ADB1F2BF0} = {E78052D8-A323-4C8D-8A98-A6D6C1D1F3EB}
		{5D8DFA44-48E1-420E-9DEC-A52479755E37} = {6BA9D144-B123-4650-AB6D-1D6E1790C335}
		{92A611B3-D5D3-4C92-A2BF-B7F9606DC1F2} = {2792955C-D054-44FF-B112-C1D3FD8D16B7}
		{FAF04832-94EC-4C6B-9A21-D39B7131CB4B} = {C8E525C8-4332-41CD-8169-39BE4CA05FF5}
		{BDDEF1CE-FD05-4257-91CF-DF128AC2FCE3} = {6BA9D144-B123-4650-AB6D-1D6E1790C335}
		{D55E15DB-ADB6-4B6C-9C63-0DDB5AC850D0} = {6BA9D144-B123-4650-AB6D-1D6E1790C335}
		{D1A0B745-F9DC-4439-9866-19234892DB4C} = {6BA9D144-B123-4650-AB6D-1D6E1790C335}
	EndGlobalSection
EndGlobal
